
Microsoft Visual Studio Solution File, Format Version 12.00
# Visual Studio Version 16
VisualStudioVersion = 16.0.30523.141
MinimumVisualStudioVersion = 10.0.40219.1
Project("{FAE04EC0-301F-11D3-BF4B-00C04F79EFBC}") = "DeviceTracker", "DeviceTracker\DeviceTracker.csproj", "{66CE0315-2733-40A2-9750-8BFA6D5F2A23}"
EndProject
Project("{FAE04EC0-301F-11D3-BF4B-00C04F79EFBC}") = "DeviceTrackerTest", "DeviceTrackerTest\DeviceTrackerTest.csproj", "{2EECA335-254C-4000-86D0-566311D49C43}"
EndProject
Global
	GlobalSection(SolutionConfigurationPlatforms) = preSolution
		Debug|Any CPU = Debug|Any CPU
		Release|Any CPU = Release|Any CPU
	EndGlobalSection
	GlobalSection(ProjectConfigurationPlatforms) = postSolution
		{66CE0315-2733-40A2-9750-8BFA6D5F2A23}.Debug|Any CPU.ActiveCfg = Debug|Any CPU
		{66CE0315-2733-40A2-9750-8BFA6D5F2A23}.Debug|Any CPU.Build.0 = Debug|Any CPU
		{66CE0315-2733-40A2-9750-8BFA6D5F2A23}.Release|Any CPU.ActiveCfg = Release|Any CPU
		{66CE0315-2733-40A2-9750-8BFA6D5F2A23}.Release|Any CPU.Build.0 = Release|Any CPU
		{2EECA335-254C-4000-86D0-566311D49C43}.Debug|Any CPU.ActiveCfg = Debug|Any CPU
		{2EECA335-254C-4000-86D0-566311D49C43}.Debug|Any CPU.Build.0 = Debug|Any CPU
		{2EECA335-254C-4000-86D0-566311D49C43}.Release|Any CPU.ActiveCfg = Release|Any CPU
		{2EECA335-254C-4000-86D0-566311D49C43}.Release|Any CPU.Build.0 = Release|Any CPU
	EndGlobalSection
	GlobalSection(SolutionProperties) = preSolution
		HideSolutionNode = FALSE
	EndGlobalSection
	GlobalSection(ExtensibilityGlobals) = postSolution
		SolutionGuid = {1EA73664-90AA-425E-BBCB-BF8297551786}
	EndGlobalSection
EndGlobal
